
Microsoft Visual Studio Solution File, Format Version 12.00
# Visual Studio Version 17
VisualStudioVersion = 17.9.34616.47
MinimumVisualStudioVersion = 10.0.40219.1
Project("{9A19103F-16F7-4668-BE54-9A1E7A4F7556}") = "IndexExample", "IndexExample\IndexExample.csproj", "{A183E583-CC54-4F05-8DB5-38A051D7848C}"
EndProject
Project("{FAE04EC0-301F-11D3-BF4B-00C04F79EFBC}") = "BookTests.cs", "BookTests.cs\BookTests.cs.csproj", "{6DBC0C03-08E5-4545-9A93-BA640E3A7D17}"
EndProject
Global
	GlobalSection(SolutionConfigurationPlatforms) = preSolution
		Debug|Any CPU = Debug|Any CPU
		Release|Any CPU = Release|Any CPU
	EndGlobalSection
	GlobalSection(ProjectConfigurationPlatforms) = postSolution
		{A183E583-CC54-4F05-8DB5-38A051D7848C}.Debug|Any CPU.ActiveCfg = Debug|Any CPU
		{A183E583-CC54-4F05-8DB5-38A051D7848C}.Debug|Any CPU.Build.0 = Debug|Any CPU
		{A183E583-CC54-4F05-8DB5-38A051D7848C}.Release|Any CPU.ActiveCfg = Release|Any CPU
		{A183E583-CC54-4F05-8DB5-38A051D7848C}.Release|Any CPU.Build.0 = Release|Any CPU
		{6DBC0C03-08E5-4545-9A93-BA640E3A7D17}.Debug|Any CPU.ActiveCfg = Debug|Any CPU
		{6DBC0C03-08E5-4545-9A93-BA640E3A7D17}.Debug|Any CPU.Build.0 = Debug|Any CPU
		{6DBC0C03-08E5-4545-9A93-BA640E3A7D17}.Release|Any CPU.ActiveCfg = Release|Any CPU
		{6DBC0C03-08E5-4545-9A93-BA640E3A7D17}.Release|Any CPU.Build.0 = Release|Any CPU
	EndGlobalSection
	GlobalSection(SolutionProperties) = preSolution
		HideSolutionNode = FALSE
	EndGlobalSection
	GlobalSection(ExtensibilityGlobals) = postSolution
		SolutionGuid = {70B591B4-0D57-4B77-B2DD-233527DED745}
	EndGlobalSection
EndGlobal
